
Microsoft Visual Studio Solution File, Format Version 12.00
Project("{F2A71F9B-5D33-465A-A702-920D77279786}") = "AdventCode2020", "AdventCode2020\AdventCode2020.fsproj", "{D06D9F84-1C50-4AFF-B250-08A9CDA21E39}"
EndProject
Global
	GlobalSection(SolutionConfigurationPlatforms) = preSolution
		Debug|Any CPU = Debug|Any CPU
		Release|Any CPU = Release|Any CPU
	EndGlobalSection
	GlobalSection(ProjectConfigurationPlatforms) = postSolution
		{D06D9F84-1C50-4AFF-B250-08A9CDA21E39}.Debug|Any CPU.ActiveCfg = Debug|Any CPU
		{D06D9F84-1C50-4AFF-B250-08A9CDA21E39}.Debug|Any CPU.Build.0 = Debug|Any CPU
		{D06D9F84-1C50-4AFF-B250-08A9CDA21E39}.Release|Any CPU.ActiveCfg = Release|Any CPU
		{D06D9F84-1C50-4AFF-B250-08A9CDA21E39}.Release|Any CPU.Build.0 = Release|Any CPU
	EndGlobalSection
EndGlobal
